# This file is automatically @generated by Cargo.
# It is not intended for manual editing.
version = 4

[[package]]
name = "fixin"
version = "0.0.1"
dependencies = [
 "proc-macro-error3",
 "quote",
 "syn",
]

[[package]]
name = "proc-macro-error-attr3"
version = "3.1.0"
source = "registry+https://github.com/rust-lang/crates.io-index"
checksum = "b0084e6206a967a2dad822180626b2f6b07a3b379325e8f1ec0438e33a469ba7"
dependencies = [
 "proc-macro2",
 "quote",
]

[[package]]
name = "proc-macro-error3"
version = "3.1.0"
source = "registry+https://github.com/rust-lang/crates.io-index"
checksum = "0cf066225f2373bc711684792b69bdeac0356019b007e721090c24d92d5d5a50"
dependencies = [
 "proc-macro-error-attr3",
 "proc-macro2",
 "quote",
]

[[package]]
name = "proc-macro2"
version = "1.0.101"
source = "registry+https://github.com/rust-lang/crates.io-index"
checksum = "89ae43fd86e4158d6db51ad8e2b80f313af9cc74f5c0e03ccb87de09998732de"
dependencies = [
 "unicode-ident",
]

[[package]]
name = "quote"
version = "1.0.41"
source = "registry+https://github.com/rust-lang/crates.io-index"
checksum = "ce25767e7b499d1b604768e7cde645d14cc8584231ea6b295e9c9eb22c02e1d1"
dependencies = [
 "proc-macro2",
]

[[package]]
name = "syn"
version = "2.0.106"
source = "registry+https://github.com/rust-lang/crates.io-index"
checksum = "ede7c438028d4436d71104916910f5bb611972c5cfd7f89b8300a8186e6fada6"
dependencies = [
 "proc-macro2",
 "quote",
 "unicode-ident",
]

[[package]]
name = "unicode-ident"
version = "1.0.19"
source = "registry+https://github.com/rust-lang/crates.io-index"
checksum = "f63a545481291138910575129486daeaf8ac54aee4387fe7906919f7830c7d9d"
